# This file is autogenerated, do not edit; changes may be undone by the next 'dep ensure'.


[[projects]]
  branch = "release-5.2"
  digest = "1:4120c9dd205111d72e137f6ab1c33e9c166df781d76a2e26ce080e8b8af27134"
  name = "github.com/apple/foundationdb"
  packages = ["bindings/go/src/fdb"]
  pruneopts = "UT"
  revision = "f4b3299e23b1945487f5d052df0b49636e0de7f0"

[[projects]]
  branch = "master"
  digest = "1:2c00f064ba355903866cbfbf3f7f4c0fe64af6638cc7d1b8bdcf3181bc67f1d8"
  name = "github.com/btcsuite/btcd"
  packages = ["btcec"]
  pruneopts = "UT"
  revision = "cff30e1d23fc9e800b2b5b4b41ef1817dda07e9f"

[[projects]]
  digest = "1:e361cb646a33874cf6521b5c4e77c9208b4b58c7fd3893b8c87f61f49b19d991"
  name = "github.com/caarlos0/env"
  packages = ["."]
  pruneopts = "UT"
  revision = "1cddc31c48c56ecd700d873edb9fd5b6f5df922a"
  version = "v3.3.0"

[[projects]]
  branch = "master"
  digest = "1:5094f6fb2bfc8c6f2033baa3f1a4b44ee6a64aebeb2135f7eed88cb9d06ff2b0"
  name = "github.com/cornelk/hashmap"
  packages = ["."]
  pruneopts = "UT"
  revision = "a8997b175649bec70bbf8f582622a4e2b18b5fd1"

[[projects]]
  digest = "1:2915e1464ca9a9480ed2fb94d6939cdf418525b03b24bfb256486990abd8155a"
  name = "github.com/dchest/siphash"
  packages = ["."]
  pruneopts = "UT"
  revision = "ca249f45189071f5d44dc6401334e3572037b9cb"
  version = "v1.2.0"

[[projects]]
  digest = "1:b8c55cb48476b9c2f8f8a632a8a5a22ee9e1ab230a593ac80bc66da0c706a4cf"
  name = "github.com/ethereum/go-ethereum"
  packages = [
    "common",
    "common/hexutil",
    "crypto/sha3",
    "rlp",
  ]
  pruneopts = "UT"
  revision = "89451f7c382ad2185987ee369f16416f89c28a7d"
  version = "v1.8.15"

[[projects]]
  digest = "1:7c2fd446293ff7799cc496d3446e674ee67902d119f244de645caf95dff1bb98"
  name = "github.com/go-redis/redis"
  packages = [
    ".",
    "internal",
    "internal/consistenthash",
    "internal/hashtag",
    "internal/pool",
    "internal/proto",
    "internal/singleflight",
    "internal/util",
  ]
  pruneopts = "UT"
  revision = "f3bba01df2026fc865f7782948845db9cf44cf23"
  version = "v6.14.1"

[[projects]]
  digest = "1:cdbed6a7b574b13bbabcd8c36c5be56d6444789bab21fcd37d39655eab0b2141"
  name = "github.com/klauspost/compress"
  packages = [
    "flate",
    "gzip",
    "zlib",
  ]
  pruneopts = "UT"
  revision = "b939724e787a27c0005cabe3f78e7ed7987ac74f"
  version = "v1.4.0"

[[projects]]
  digest = "1:4ea0668d490ca32a38366453a486e2e8c60fbdaf1f2607c96b4a093d8a5c8de7"
  name = "github.com/klauspost/cpuid"
  packages = ["."]
  pruneopts = "UT"
  revision = "ae7887de9fa5d2db4eaa8174a7eff2c1ac00f2da"
  version = "v1.1"

[[projects]]
  branch = "master"
  digest = "1:81348e307bd76ea32dc5be0be64f0061a3881a4814da833bebf1ddb88b00feb3"
  name = "github.com/matterinc/PlasmaCommons"
  packages = [
    "block",
    "common",
    "crypto",
    "crypto/secp256k1",
    "crypto/sha3",
    "merkleTree",
    "transaction",
    "types",
  ]
  pruneopts = "UT"
  revision = "cef355ff9174a928ab608d578908fc8323e397f3"

[[projects]]
  digest = "1:c468422f334a6b46a19448ad59aaffdfc0a36b08fdcc1c749a0b29b6453d7e59"
  name = "github.com/valyala/bytebufferpool"
  packages = ["."]
  pruneopts = "UT"
  revision = "e746df99fe4a3986f4d4f79e13c1e0117ce9c2f7"
  version = "v1.0.0"

[[projects]]
  digest = "1:6301ec20b1f40ce8463de7ad70ce75e6dce197bae76cb129c2cfdf4ec53ca62a"
  name = "github.com/valyala/fasthttp"
  packages = [
    ".",
    "fasthttputil",
    "reuseport",
    "stackless",
  ]
  pruneopts = "UT"
  revision = "e5f51c11919d4f66400334047b897ef0a94c6f3c"
  version = "v20180529"

[[projects]]
  branch = "master"
  digest = "1:8507835fade46d48a94828b351e1f8fb83df1aa65ba1e67c9493b0a1b47abc73"
  name = "github.com/valyala/tcplisten"
  packages = ["."]
  pruneopts = "UT"
  revision = "ceec8f93295a060cdb565ec25e4ccf17941dbd55"

[solve-meta]
  analyzer-name = "dep"
  analyzer-version = 1
  input-imports = [
    "github.com/apple/foundationdb/bindings/go/src/fdb",
    "github.com/btcsuite/btcd/btcec",
    "github.com/caarlos0/env",
    "github.com/cornelk/hashmap",
    "github.com/ethereum/go-ethereum/common",
    "github.com/ethereum/go-ethereum/rlp",
    "github.com/go-redis/redis",
    "github.com/matterinc/PlasmaCommons/block",
    "github.com/matterinc/PlasmaCommons/common",
    "github.com/matterinc/PlasmaCommons/crypto",
    "github.com/matterinc/PlasmaCommons/crypto/secp256k1",
    "github.com/matterinc/PlasmaCommons/transaction",
    "github.com/matterinc/PlasmaCommons/types",
    "github.com/valyala/fasthttp",
    "github.com/valyala/fasthttp/reuseport",
  ]
  solver-name = "gps-cdcl"
  solver-version = 1
